
Microsoft Visual Studio Solution File, Format Version 12.00
# Visual Studio Version 16
VisualStudioVersion = 16.0.30503.244
MinimumVisualStudioVersion = 10.0.40219.1
Project("{FAE04EC0-301F-11D3-BF4B-00C04F79EFBC}") = "CabralPiña_LeonTorres_VargasEspinosa_BaseDatos", "CabralPiña_LeonTorres_VargasEspinosa_BaseDatos.csproj", "{A806669A-2C47-4800-BB72-87CA32CB3D59}"
EndProject
Global
	GlobalSection(SolutionConfigurationPlatforms) = preSolution
		Debug|Any CPU = Debug|Any CPU
		Release|Any CPU = Release|Any CPU
	EndGlobalSection
	GlobalSection(ProjectConfigurationPlatforms) = postSolution
		{A806669A-2C47-4800-BB72-87CA32CB3D59}.Debug|Any CPU.ActiveCfg = Debug|Any CPU
		{A806669A-2C47-4800-BB72-87CA32CB3D59}.Debug|Any CPU.Build.0 = Debug|Any CPU
		{A806669A-2C47-4800-BB72-87CA32CB3D59}.Release|Any CPU.ActiveCfg = Release|Any CPU
		{A806669A-2C47-4800-BB72-87CA32CB3D59}.Release|Any CPU.Build.0 = Release|Any CPU
	EndGlobalSection
	GlobalSection(SolutionProperties) = preSolution
		HideSolutionNode = FALSE
	EndGlobalSection
	GlobalSection(ExtensibilityGlobals) = postSolution
		SolutionGuid = {153FFD9F-95B5-4AE1-9BEA-ACFDD86ECEAB}
	EndGlobalSection
EndGlobal
